PODS:
  - BetterSegmentedControl (2.0.1)
  - MobilliumBuilders (1.4.3)
  - Segmentio (4.1)
  - SwiftGen (6.0.0)
  - TinyConstraints (4.0.2)

DEPENDENCIES:
  - BetterSegmentedControl (~> 2.0)
  - MobilliumBuilders (~> 1.4)
  - Segmentio (~> 4.1)
  - SwiftGen (= 6.0)
  - TinyConstraints (~> 4.0)

SPEC REPOS:
  trunk:
    - BetterSegmentedControl
    - MobilliumBuilders
    - Segmentio
    - SwiftGen
    - TinyConstraints

SPEC CHECKSUMS:
  BetterSegmentedControl: 09607b27861d49cbce48b7673b74f9150a3d371a
  MobilliumBuilders: 2171277c225a6b4295d0b29d75b50d4908f093d5
  Segmentio: ab29def64e1bff6e6e9b97671788a99bed3f1d9f
  SwiftGen: cd0bb0c9838c3fc90b78d35b19f492711b19eb55
  TinyConstraints: 7b7ccc0c485bb3bb47082138ff28bc33cd49897f

PODFILE CHECKSUM: 4a97deff0ae78a93f41a9860d73f0d3e3c3e609a

COCOAPODS: 1.12.1
