// !$*UTF8*$!
{
	archiveVersion = 1;
	classes = {
	};
	objectVersion = 56;
	objects = {

/* Begin PBXBuildFile section */
		29F5FD870A3D72E8D85E9086 /* Pods_FocusApp.framework in Frameworks */ = {isa = PBXBuildFile; fileRef = C8869E4D55B4362FFD963B5F /* Pods_FocusApp.framework */; };
		2D19832E2B88779D009BC080 /* AppDelegate.swift in Sources */ = {isa = PBXBuildFile; fileRef = 2D19832D2B88779D009BC080 /* AppDelegate.swift */; };
		2D1983382B88779D009BC080 /* FocusApp.xcdatamodeld in Sources */ = {isa = PBXBuildFile; fileRef = 2D1983362B88779D009BC080 /* FocusApp.xcdatamodeld */; };
		2D19833A2B88779F009BC080 /* Assets.xcassets in Resources */ = {isa = PBXBuildFile; fileRef = 2D1983392B88779F009BC080 /* Assets.xcassets */; };
		2D19833D2B88779F009BC080 /* LaunchScreen.storyboard in Resources */ = {isa = PBXBuildFile; fileRef = 2D19833B2B88779F009BC080 /* LaunchScreen.storyboard */; };
		2D3EEB7A2B90FE5E00D34FA2 /* HomeTabBarViewController.swift in Sources */ = {isa = PBXBuildFile; fileRef = 2D3EEB772B90FE5E00D34FA2 /* HomeTabBarViewController.swift */; };
		2D3EEB802B90FEAD00D34FA2 /* HomeRouter.swift in Sources */ = {isa = PBXBuildFile; fileRef = 2D3EEB7D2B90FEAD00D34FA2 /* HomeRouter.swift */; };
		2D3EEB812B90FEAD00D34FA2 /* HomeViewController.swift in Sources */ = {isa = PBXBuildFile; fileRef = 2D3EEB7E2B90FEAD00D34FA2 /* HomeViewController.swift */; };
		2D3EEB822B90FEAD00D34FA2 /* HomeViewModel.swift in Sources */ = {isa = PBXBuildFile; fileRef = 2D3EEB7F2B90FEAD00D34FA2 /* HomeViewModel.swift */; };
		2D3EEB842B91015200D34FA2 /* HomeTabBarRoute.swift in Sources */ = {isa = PBXBuildFile; fileRef = 2D3EEB832B91015200D34FA2 /* HomeTabBarRoute.swift */; };
		2D5981C92B887FC700E85413 /* BaseViewController.swift in Sources */ = {isa = PBXBuildFile; fileRef = 2D5981C82B887FC700E85413 /* BaseViewController.swift */; };
		2D5981CB2B887FDE00E85413 /* BaseViewModel.swift in Sources */ = {isa = PBXBuildFile; fileRef = 2D5981CA2B887FDE00E85413 /* BaseViewModel.swift */; };
		2D5981D12B88838600E85413 /* DismissableRoute.swift in Sources */ = {isa = PBXBuildFile; fileRef = 2D5981D02B88838600E85413 /* DismissableRoute.swift */; };
		2D5981D62B8883B700E85413 /* ModalTransition.swift in Sources */ = {isa = PBXBuildFile; fileRef = 2D5981D52B8883B700E85413 /* ModalTransition.swift */; };
		2D5981D82B8883C900E85413 /* PlaceOnWindowTransition.swift in Sources */ = {isa = PBXBuildFile; fileRef = 2D5981D72B8883C900E85413 /* PlaceOnWindowTransition.swift */; };
		2D5981DA2B8883E000E85413 /* PushTransition.swift in Sources */ = {isa = PBXBuildFile; fileRef = 2D5981D92B8883E000E85413 /* PushTransition.swift */; };
		2D5981DC2B8883F400E85413 /* Transition.swift in Sources */ = {isa = PBXBuildFile; fileRef = 2D5981DB2B8883F400E85413 /* Transition.swift */; };
		2D5981DF2B88840F00E85413 /* AppRouter.swift in Sources */ = {isa = PBXBuildFile; fileRef = 2D5981DE2B88840F00E85413 /* AppRouter.swift */; };
		2D5981E22B88843F00E85413 /* Animator.swift in Sources */ = {isa = PBXBuildFile; fileRef = 2D5981E12B88843F00E85413 /* Animator.swift */; };
		2D5981E42B88845400E85413 /* Router.swift in Sources */ = {isa = PBXBuildFile; fileRef = 2D5981E32B88845400E85413 /* Router.swift */; };
		2D5981E72B88852D00E85413 /* Closures.swift in Sources */ = {isa = PBXBuildFile; fileRef = 2D5981E62B88852D00E85413 /* Closures.swift */; };
		2D5982102B88A25F00E85413 /* SettingsView.swift in Sources */ = {isa = PBXBuildFile; fileRef = 2D59820F2B88A25F00E85413 /* SettingsView.swift */; };
		2D5982152B88A58800E85413 /* Nunito-SemiBold.ttf in Resources */ = {isa = PBXBuildFile; fileRef = 2D5982122B88A58800E85413 /* Nunito-SemiBold.ttf */; };
		2D5982162B88A58800E85413 /* Nunito-Bold.ttf in Resources */ = {isa = PBXBuildFile; fileRef = 2D5982132B88A58800E85413 /* Nunito-Bold.ttf */; };
		2D5982172B88A58800E85413 /* Nunito-ExtraBold.ttf in Resources */ = {isa = PBXBuildFile; fileRef = 2D5982142B88A58800E85413 /* Nunito-ExtraBold.ttf */; };
		2D59821B2B88B3D900E85413 /* SettingsRouter.swift in Sources */ = {isa = PBXBuildFile; fileRef = 2D5982182B88B3D900E85413 /* SettingsRouter.swift */; };
		2D59821C2B88B3D900E85413 /* SettingsViewController.swift in Sources */ = {isa = PBXBuildFile; fileRef = 2D5982192B88B3D900E85413 /* SettingsViewController.swift */; };
		2D59821D2B88B3D900E85413 /* SettingsViewModel.swift in Sources */ = {isa = PBXBuildFile; fileRef = 2D59821A2B88B3D900E85413 /* SettingsViewModel.swift */; };
		2D59821F2B88B40300E85413 /* SettingsRoute.swift in Sources */ = {isa = PBXBuildFile; fileRef = 2D59821E2B88B40300E85413 /* SettingsRoute.swift */; };
		2D8F82342B8FC9E2007B256E /* Focus+CoreDataProperties.swift in Sources */ = {isa = PBXBuildFile; fileRef = 2D8F82322B8FC9E2007B256E /* Focus+CoreDataProperties.swift */; };
		2D8F82352B8FC9E2007B256E /* Focus+CoreDataClass.swift in Sources */ = {isa = PBXBuildFile; fileRef = 2D8F82332B8FC9E2007B256E /* Focus+CoreDataClass.swift */; };
/* End PBXBuildFile section */

/* Begin PBXFileReference section */
		253093EB406C4B4E7D0CC1B3 /* Pods-FocusApp.debug.xcconfig */ = {isa = PBXFileReference; includeInIndex = 1; lastKnownFileType = text.xcconfig; name = "Pods-FocusApp.debug.xcconfig"; path = "Target Support Files/Pods-FocusApp/Pods-FocusApp.debug.xcconfig"; sourceTree = "<group>"; };
		2D19832A2B88779D009BC080 /* FocusApp.app */ = {isa = PBXFileReference; explicitFileType = wrapper.application; includeInIndex = 0; path = FocusApp.app; sourceTree = BUILT_PRODUCTS_DIR; };
		2D19832D2B88779D009BC080 /* AppDelegate.swift */ = {isa = PBXFileReference; lastKnownFileType = sourcecode.swift; path = AppDelegate.swift; sourceTree = "<group>"; };
		2D1983372B88779D009BC080 /* FocusApp.xcdatamodel */ = {isa = PBXFileReference; lastKnownFileType = wrapper.xcdatamodel; path = FocusApp.xcdatamodel; sourceTree = "<group>"; };
		2D1983392B88779F009BC080 /* Assets.xcassets */ = {isa = PBXFileReference; lastKnownFileType = folder.assetcatalog; path = Assets.xcassets; sourceTree = "<group>"; };
		2D19833C2B88779F009BC080 /* Base */ = {isa = PBXFileReference; lastKnownFileType = file.storyboard; name = Base; path = Base.lproj/LaunchScreen.storyboard; sourceTree = "<group>"; };
		2D19833E2B88779F009BC080 /* Info.plist */ = {isa = PBXFileReference; lastKnownFileType = text.plist.xml; path = Info.plist; sourceTree = "<group>"; };
		2D3EEB772B90FE5E00D34FA2 /* HomeTabBarViewController.swift */ = {isa = PBXFileReference; lastKnownFileType = sourcecode.swift; path = HomeTabBarViewController.swift; sourceTree = "<group>"; };
		2D3EEB7D2B90FEAD00D34FA2 /* HomeRouter.swift */ = {isa = PBXFileReference; lastKnownFileType = sourcecode.swift; path = HomeRouter.swift; sourceTree = "<group>"; };
		2D3EEB7E2B90FEAD00D34FA2 /* HomeViewController.swift */ = {isa = PBXFileReference; lastKnownFileType = sourcecode.swift; path = HomeViewController.swift; sourceTree = "<group>"; };
		2D3EEB7F2B90FEAD00D34FA2 /* HomeViewModel.swift */ = {isa = PBXFileReference; lastKnownFileType = sourcecode.swift; path = HomeViewModel.swift; sourceTree = "<group>"; };
		2D3EEB832B91015200D34FA2 /* HomeTabBarRoute.swift */ = {isa = PBXFileReference; lastKnownFileType = sourcecode.swift; path = HomeTabBarRoute.swift; sourceTree = "<group>"; };
		2D5981C82B887FC700E85413 /* BaseViewController.swift */ = {isa = PBXFileReference; lastKnownFileType = sourcecode.swift; path = BaseViewController.swift; sourceTree = "<group>"; };
		2D5981CA2B887FDE00E85413 /* BaseViewModel.swift */ = {isa = PBXFileReference; lastKnownFileType = sourcecode.swift; path = BaseViewModel.swift; sourceTree = "<group>"; };
		2D5981D02B88838600E85413 /* DismissableRoute.swift */ = {isa = PBXFileReference; lastKnownFileType = sourcecode.swift; path = DismissableRoute.swift; sourceTree = "<group>"; };
		2D5981D52B8883B700E85413 /* ModalTransition.swift */ = {isa = PBXFileReference; lastKnownFileType = sourcecode.swift; path = ModalTransition.swift; sourceTree = "<group>"; };
		2D5981D72B8883C900E85413 /* PlaceOnWindowTransition.swift */ = {isa = PBXFileReference; lastKnownFileType = sourcecode.swift; path = PlaceOnWindowTransition.swift; sourceTree = "<group>"; };
		2D5981D92B8883E000E85413 /* PushTransition.swift */ = {isa = PBXFileReference; lastKnownFileType = sourcecode.swift; path = PushTransition.swift; sourceTree = "<group>"; };
		2D5981DB2B8883F400E85413 /* Transition.swift */ = {isa = PBXFileReference; lastKnownFileType = sourcecode.swift; path = Transition.swift; sourceTree = "<group>"; };
		2D5981DE2B88840F00E85413 /* AppRouter.swift */ = {isa = PBXFileReference; lastKnownFileType = sourcecode.swift; path = AppRouter.swift; sourceTree = "<group>"; };
		2D5981E12B88843F00E85413 /* Animator.swift */ = {isa = PBXFileReference; lastKnownFileType = sourcecode.swift; path = Animator.swift; sourceTree = "<group>"; };
		2D5981E32B88845400E85413 /* Router.swift */ = {isa = PBXFileReference; lastKnownFileType = sourcecode.swift; path = Router.swift; sourceTree = "<group>"; };
		2D5981E62B88852D00E85413 /* Closures.swift */ = {isa = PBXFileReference; lastKnownFileType = sourcecode.swift; path = Closures.swift; sourceTree = "<group>"; };
		2D59820F2B88A25F00E85413 /* SettingsView.swift */ = {isa = PBXFileReference; lastKnownFileType = sourcecode.swift; path = SettingsView.swift; sourceTree = "<group>"; };
		2D5982122B88A58800E85413 /* Nunito-SemiBold.ttf */ = {isa = PBXFileReference; lastKnownFileType = file; path = "Nunito-SemiBold.ttf"; sourceTree = "<group>"; };
		2D5982132B88A58800E85413 /* Nunito-Bold.ttf */ = {isa = PBXFileReference; lastKnownFileType = file; path = "Nunito-Bold.ttf"; sourceTree = "<group>"; };
		2D5982142B88A58800E85413 /* Nunito-ExtraBold.ttf */ = {isa = PBXFileReference; lastKnownFileType = file; path = "Nunito-ExtraBold.ttf"; sourceTree = "<group>"; };
		2D5982182B88B3D900E85413 /* SettingsRouter.swift */ = {isa = PBXFileReference; lastKnownFileType = sourcecode.swift; path = SettingsRouter.swift; sourceTree = "<group>"; };
		2D5982192B88B3D900E85413 /* SettingsViewController.swift */ = {isa = PBXFileReference; lastKnownFileType = sourcecode.swift; path = SettingsViewController.swift; sourceTree = "<group>"; };
		2D59821A2B88B3D900E85413 /* SettingsViewModel.swift */ = {isa = PBXFileReference; lastKnownFileType = sourcecode.swift; path = SettingsViewModel.swift; sourceTree = "<group>"; };
		2D59821E2B88B40300E85413 /* SettingsRoute.swift */ = {isa = PBXFileReference; lastKnownFileType = sourcecode.swift; path = SettingsRoute.swift; sourceTree = "<group>"; };
		2D8F82322B8FC9E2007B256E /* Focus+CoreDataProperties.swift */ = {isa = PBXFileReference; fileEncoding = 4; lastKnownFileType = sourcecode.swift; path = "Focus+CoreDataProperties.swift"; sourceTree = "<group>"; };
		2D8F82332B8FC9E2007B256E /* Focus+CoreDataClass.swift */ = {isa = PBXFileReference; fileEncoding = 4; lastKnownFileType = sourcecode.swift; path = "Focus+CoreDataClass.swift"; sourceTree = "<group>"; };
		C62711FE10D3F0CCF4703BF6 /* Pods-FocusApp.release.xcconfig */ = {isa = PBXFileReference; includeInIndex = 1; lastKnownFileType = text.xcconfig; name = "Pods-FocusApp.release.xcconfig"; path = "Target Support Files/Pods-FocusApp/Pods-FocusApp.release.xcconfig"; sourceTree = "<group>"; };
		C8869E4D55B4362FFD963B5F /* Pods_FocusApp.framework */ = {isa = PBXFileReference; explicitFileType = wrapper.framework; includeInIndex = 0; path = Pods_FocusApp.framework; sourceTree = BUILT_PRODUCTS_DIR; };
/* End PBXFileReference section */

/* Begin PBXFrameworksBuildPhase section */
		2D1983272B88779D009BC080 /* Frameworks */ = {
			isa = PBXFrameworksBuildPhase;
			buildActionMask = 2147483647;
			files = (
				29F5FD870A3D72E8D85E9086 /* Pods_FocusApp.framework in Frameworks */,
			);
			runOnlyForDeploymentPostprocessing = 0;
		};
/* End PBXFrameworksBuildPhase section */

/* Begin PBXGroup section */
		0110CBC18FE308FBF7966CBD /* Frameworks */ = {
			isa = PBXGroup;
			children = (
				C8869E4D55B4362FFD963B5F /* Pods_FocusApp.framework */,
			);
			name = Frameworks;
			sourceTree = "<group>";
		};
		2D1983212B88779D009BC080 = {
			isa = PBXGroup;
			children = (
				2D19832C2B88779D009BC080 /* FocusApp */,
				2D19832B2B88779D009BC080 /* Products */,
				6CAF7193EC0E9C503B38384C /* Pods */,
				0110CBC18FE308FBF7966CBD /* Frameworks */,
			);
			sourceTree = "<group>";
		};
		2D19832B2B88779D009BC080 /* Products */ = {
			isa = PBXGroup;
			children = (
				2D19832A2B88779D009BC080 /* FocusApp.app */,
			);
			name = Products;
			sourceTree = "<group>";
		};
		2D19832C2B88779D009BC080 /* FocusApp */ = {
			isa = PBXGroup;
			children = (
				2DA0AAFF2B8E7881008C68A4 /* CoreData */,
				2D5981E52B88851600E85413 /* Closures */,
				2D5981CE2B88832000E85413 /* Routing */,
				2D5981C42B887D3B00E85413 /* UIComponents */,
				2D5981C62B887D5100E85413 /* AppDelegate */,
				2D5981C52B887D4800E85413 /* Scenes */,
				2D1983392B88779F009BC080 /* Assets.xcassets */,
				2D19833B2B88779F009BC080 /* LaunchScreen.storyboard */,
				2D19833E2B88779F009BC080 /* Info.plist */,
				2D1983362B88779D009BC080 /* FocusApp.xcdatamodeld */,
			);
			path = FocusApp;
			sourceTree = "<group>";
		};
		2D3EEB752B90FE3F00D34FA2 /* HomeTabBar */ = {
			isa = PBXGroup;
			children = (
				2D3EEB772B90FE5E00D34FA2 /* HomeTabBarViewController.swift */,
				2D3EEB832B91015200D34FA2 /* HomeTabBarRoute.swift */,
			);
			path = HomeTabBar;
			sourceTree = "<group>";
		};
		2D3EEB7C2B90FEA000D34FA2 /* Home */ = {
			isa = PBXGroup;
			children = (
				2D3EEB7D2B90FEAD00D34FA2 /* HomeRouter.swift */,
				2D3EEB7E2B90FEAD00D34FA2 /* HomeViewController.swift */,
				2D3EEB7F2B90FEAD00D34FA2 /* HomeViewModel.swift */,
			);
			path = Home;
			sourceTree = "<group>";
		};
		2D5981C42B887D3B00E85413 /* UIComponents */ = {
			isa = PBXGroup;
			children = (
				2D5982112B88A57900E85413 /* CustomFonts */,
				2D59820E2B88A24400E85413 /* UIView */,
			);
			path = UIComponents;
			sourceTree = "<group>";
		};
		2D5981C52B887D4800E85413 /* Scenes */ = {
			isa = PBXGroup;
			children = (
				2D3EEB7C2B90FEA000D34FA2 /* Home */,
				2D3EEB752B90FE3F00D34FA2 /* HomeTabBar */,
				2D59820D2B88A23A00E85413 /* Settings */,
				2D5981C72B887FAF00E85413 /* Base */,
			);
			path = Scenes;
			sourceTree = "<group>";
		};
		2D5981C62B887D5100E85413 /* AppDelegate */ = {
			isa = PBXGroup;
			children = (
				2D19832D2B88779D009BC080 /* AppDelegate.swift */,
			);
			path = AppDelegate;
			sourceTree = "<group>";
		};
		2D5981C72B887FAF00E85413 /* Base */ = {
			isa = PBXGroup;
			children = (
				2D5981C82B887FC700E85413 /* BaseViewController.swift */,
				2D5981CA2B887FDE00E85413 /* BaseViewModel.swift */,
			);
			path = Base;
			sourceTree = "<group>";
		};
		2D5981CE2B88832000E85413 /* Routing */ = {
			isa = PBXGroup;
			children = (
				2D5981E02B88842B00E85413 /* Core */,
				2D5981DD2B88840000E85413 /* Routers */,
				2D5981D42B8883A400E85413 /* Transitions */,
				2D5981CF2B88837500E85413 /* Route */,
			);
			path = Routing;
			sourceTree = "<group>";
		};
		2D5981CF2B88837500E85413 /* Route */ = {
			isa = PBXGroup;
			children = (
				2D5981D02B88838600E85413 /* DismissableRoute.swift */,
			);
			path = Route;
			sourceTree = "<group>";
		};
		2D5981D42B8883A400E85413 /* Transitions */ = {
			isa = PBXGroup;
			children = (
				2D5981D52B8883B700E85413 /* ModalTransition.swift */,
				2D5981D72B8883C900E85413 /* PlaceOnWindowTransition.swift */,
				2D5981D92B8883E000E85413 /* PushTransition.swift */,
				2D5981DB2B8883F400E85413 /* Transition.swift */,
			);
			path = Transitions;
			sourceTree = "<group>";
		};
		2D5981DD2B88840000E85413 /* Routers */ = {
			isa = PBXGroup;
			children = (
				2D5981DE2B88840F00E85413 /* AppRouter.swift */,
			);
			path = Routers;
			sourceTree = "<group>";
		};
		2D5981E02B88842B00E85413 /* Core */ = {
			isa = PBXGroup;
			children = (
				2D5981E12B88843F00E85413 /* Animator.swift */,
				2D5981E32B88845400E85413 /* Router.swift */,
			);
			path = Core;
			sourceTree = "<group>";
		};
		2D5981E52B88851600E85413 /* Closures */ = {
			isa = PBXGroup;
			children = (
				2D5981E62B88852D00E85413 /* Closures.swift */,
			);
			path = Closures;
			sourceTree = "<group>";
		};
		2D59820D2B88A23A00E85413 /* Settings */ = {
			isa = PBXGroup;
			children = (
				2D5982192B88B3D900E85413 /* SettingsViewController.swift */,
				2D59821A2B88B3D900E85413 /* SettingsViewModel.swift */,
				2D5982182B88B3D900E85413 /* SettingsRouter.swift */,
				2D59821E2B88B40300E85413 /* SettingsRoute.swift */,
			);
			path = Settings;
			sourceTree = "<group>";
		};
		2D59820E2B88A24400E85413 /* UIView */ = {
			isa = PBXGroup;
			children = (
				2D59820F2B88A25F00E85413 /* SettingsView.swift */,
			);
			path = UIView;
			sourceTree = "<group>";
		};
		2D5982112B88A57900E85413 /* CustomFonts */ = {
			isa = PBXGroup;
			children = (
				2D5982132B88A58800E85413 /* Nunito-Bold.ttf */,
				2D5982142B88A58800E85413 /* Nunito-ExtraBold.ttf */,
				2D5982122B88A58800E85413 /* Nunito-SemiBold.ttf */,
			);
			path = CustomFonts;
			sourceTree = "<group>";
		};
		2DA0AAFF2B8E7881008C68A4 /* CoreData */ = {
			isa = PBXGroup;
			children = (
				2D8F82332B8FC9E2007B256E /* Focus+CoreDataClass.swift */,
				2D8F82322B8FC9E2007B256E /* Focus+CoreDataProperties.swift */,
			);
			path = CoreData;
			sourceTree = "<group>";
		};
		6CAF7193EC0E9C503B38384C /* Pods */ = {
			isa = PBXGroup;
			children = (
				253093EB406C4B4E7D0CC1B3 /* Pods-FocusApp.debug.xcconfig */,
				C62711FE10D3F0CCF4703BF6 /* Pods-FocusApp.release.xcconfig */,
			);
			path = Pods;
			sourceTree = "<group>";
		};
/* End PBXGroup section */

/* Begin PBXNativeTarget section */
		2D1983292B88779D009BC080 /* FocusApp */ = {
			isa = PBXNativeTarget;
			buildConfigurationList = 2D1983412B88779F009BC080 /* Build configuration list for PBXNativeTarget "FocusApp" */;
			buildPhases = (
				813DF267C4A2432C449228E5 /* [CP] Check Pods Manifest.lock */,
				2D1983262B88779D009BC080 /* Sources */,
				2D1983272B88779D009BC080 /* Frameworks */,
				2D1983282B88779D009BC080 /* Resources */,
				034EAC1908D374A11255E2DB /* [CP] Embed Pods Frameworks */,
			);
			buildRules = (
			);
			dependencies = (
			);
			name = FocusApp;
			productName = FocusApp;
			productReference = 2D19832A2B88779D009BC080 /* FocusApp.app */;
			productType = "com.apple.product-type.application";
		};
/* End PBXNativeTarget section */

/* Begin PBXProject section */
		2D1983222B88779D009BC080 /* Project object */ = {
			isa = PBXProject;
			attributes = {
				BuildIndependentTargetsInParallel = 1;
				LastSwiftUpdateCheck = 1420;
				LastUpgradeCheck = 1420;
				TargetAttributes = {
					2D1983292B88779D009BC080 = {
						CreatedOnToolsVersion = 14.2;
					};
				};
			};
			buildConfigurationList = 2D1983252B88779D009BC080 /* Build configuration list for PBXProject "FocusApp" */;
			compatibilityVersion = "Xcode 14.0";
			developmentRegion = en;
			hasScannedForEncodings = 0;
			knownRegions = (
				en,
				Base,
			);
			mainGroup = 2D1983212B88779D009BC080;
			productRefGroup = 2D19832B2B88779D009BC080 /* Products */;
			projectDirPath = "";
			projectRoot = "";
			targets = (
				2D1983292B88779D009BC080 /* FocusApp */,
			);
		};
/* End PBXProject section */

/* Begin PBXResourcesBuildPhase section */
		2D1983282B88779D009BC080 /* Resources */ = {
			isa = PBXResourcesBuildPhase;
			buildActionMask = 2147483647;
			files = (
				2D5982152B88A58800E85413 /* Nunito-SemiBold.ttf in Resources */,
				2D19833D2B88779F009BC080 /* LaunchScreen.storyboard in Resources */,
				2D5982172B88A58800E85413 /* Nunito-ExtraBold.ttf in Resources */,
				2D5982162B88A58800E85413 /* Nunito-Bold.ttf in Resources */,
				2D19833A2B88779F009BC080 /* Assets.xcassets in Resources */,
			);
			runOnlyForDeploymentPostprocessing = 0;
		};
/* End PBXResourcesBuildPhase section */

/* Begin PBXShellScriptBuildPhase section */
		034EAC1908D374A11255E2DB /* [CP] Embed Pods Frameworks */ = {
			isa = PBXShellScriptBuildPhase;
			buildActionMask = 2147483647;
			files = (
			);
			inputFileListPaths = (
				"${PODS_ROOT}/Target Support Files/Pods-FocusApp/Pods-FocusApp-frameworks-${CONFIGURATION}-input-files.xcfilelist",
			);
			name = "[CP] Embed Pods Frameworks";
			outputFileListPaths = (
				"${PODS_ROOT}/Target Support Files/Pods-FocusApp/Pods-FocusApp-frameworks-${CONFIGURATION}-output-files.xcfilelist",
			);
			runOnlyForDeploymentPostprocessing = 0;
			shellPath = /bin/sh;
			shellScript = "\"${PODS_ROOT}/Target Support Files/Pods-FocusApp/Pods-FocusApp-frameworks.sh\"\n";
			showEnvVarsInLog = 0;
		};
		813DF267C4A2432C449228E5 /* [CP] Check Pods Manifest.lock */ = {
			isa = PBXShellScriptBuildPhase;
			buildActionMask = 2147483647;
			files = (
			);
			inputFileListPaths = (
			);
			inputPaths = (
				"${PODS_PODFILE_DIR_PATH}/Podfile.lock",
				"${PODS_ROOT}/Manifest.lock",
			);
			name = "[CP] Check Pods Manifest.lock";
			outputFileListPaths = (
			);
			outputPaths = (
				"$(DERIVED_FILE_DIR)/Pods-FocusApp-checkManifestLockResult.txt",
			);
			runOnlyForDeploymentPostprocessing = 0;
			shellPath = /bin/sh;
			shellScript = "diff \"${PODS_PODFILE_DIR_PATH}/Podfile.lock\" \"${PODS_ROOT}/Manifest.lock\" > /dev/null\nif [ $? != 0 ] ; then\n    # print error to STDERR\n    echo \"error: The sandbox is not in sync with the Podfile.lock. Run 'pod install' or update your CocoaPods installation.\" >&2\n    exit 1\nfi\n# This output is used by Xcode 'outputs' to avoid re-running this script phase.\necho \"SUCCESS\" > \"${SCRIPT_OUTPUT_FILE_0}\"\n";
			showEnvVarsInLog = 0;
		};
/* End PBXShellScriptBuildPhase section */

/* Begin PBXSourcesBuildPhase section */
		2D1983262B88779D009BC080 /* Sources */ = {
			isa = PBXSourcesBuildPhase;
			buildActionMask = 2147483647;
			files = (
				2D5982102B88A25F00E85413 /* SettingsView.swift in Sources */,
				2D59821B2B88B3D900E85413 /* SettingsRouter.swift in Sources */,
				2D3EEB842B91015200D34FA2 /* HomeTabBarRoute.swift in Sources */,
				2D5981DA2B8883E000E85413 /* PushTransition.swift in Sources */,
				2D5981E72B88852D00E85413 /* Closures.swift in Sources */,
				2D5981D62B8883B700E85413 /* ModalTransition.swift in Sources */,
				2D5981D82B8883C900E85413 /* PlaceOnWindowTransition.swift in Sources */,
				2D3EEB812B90FEAD00D34FA2 /* HomeViewController.swift in Sources */,
				2D5981DC2B8883F400E85413 /* Transition.swift in Sources */,
				2D5981CB2B887FDE00E85413 /* BaseViewModel.swift in Sources */,
				2D59821F2B88B40300E85413 /* SettingsRoute.swift in Sources */,
				2D5981E22B88843F00E85413 /* Animator.swift in Sources */,
				2D5981D12B88838600E85413 /* DismissableRoute.swift in Sources */,
				2D3EEB7A2B90FE5E00D34FA2 /* HomeTabBarViewController.swift in Sources */,
				2D5981DF2B88840F00E85413 /* AppRouter.swift in Sources */,
				2D8F82352B8FC9E2007B256E /* Focus+CoreDataClass.swift in Sources */,
				2D59821C2B88B3D900E85413 /* SettingsViewController.swift in Sources */,
				2D5981E42B88845400E85413 /* Router.swift in Sources */,
				2D5981C92B887FC700E85413 /* BaseViewController.swift in Sources */,
				2D19832E2B88779D009BC080 /* AppDelegate.swift in Sources */,
				2D3EEB822B90FEAD00D34FA2 /* HomeViewModel.swift in Sources */,
				2D1983382B88779D009BC080 /* FocusApp.xcdatamodeld in Sources */,
				2D59821D2B88B3D900E85413 /* SettingsViewModel.swift in Sources */,
				2D8F82342B8FC9E2007B256E /* Focus+CoreDataProperties.swift in Sources */,
				2D3EEB802B90FEAD00D34FA2 /* HomeRouter.swift in Sources */,
			);
			runOnlyForDeploymentPostprocessing = 0;
		};
/* End PBXSourcesBuildPhase section */

/* Begin PBXVariantGroup section */
		2D19833B2B88779F009BC080 /* LaunchScreen.storyboard */ = {
			isa = PBXVariantGroup;
			children = (
				2D19833C2B88779F009BC080 /* Base */,
			);
			name = LaunchScreen.storyboard;
			sourceTree = "<group>";
		};
/* End PBXVariantGroup section */

/* Begin XCBuildConfiguration section */
		2D19833F2B88779F009BC080 /* Debug */ = {
			isa = XCBuildConfiguration;
			buildSettings = {
				ALWAYS_SEARCH_USER_PATHS = NO;
				CLANG_ANALYZER_NONNULL = YES;
				CLANG_ANALYZER_NUMBER_OBJECT_CONVERSION = YES_AGGRESSIVE;
				CLANG_CXX_LANGUAGE_STANDARD = "gnu++20";
				CLANG_ENABLE_MODULES = YES;
				CLANG_ENABLE_OBJC_ARC = YES;
				CLANG_ENABLE_OBJC_WEAK = YES;
				CLANG_WARN_BLOCK_CAPTURE_AUTORELEASING = YES;
				CLANG_WARN_BOOL_CONVERSION = YES;
				CLANG_WARN_COMMA = YES;
				CLANG_WARN_CONSTANT_CONVERSION = YES;
				CLANG_WARN_DEPRECATED_OBJC_IMPLEMENTATIONS = YES;
				CLANG_WARN_DIRECT_OBJC_ISA_USAGE = YES_ERROR;
				CLANG_WARN_DOCUMENTATION_COMMENTS = YES;
				CLANG_WARN_EMPTY_BODY = YES;
				CLANG_WARN_ENUM_CONVERSION = YES;
				CLANG_WARN_INFINITE_RECURSION = YES;
				CLANG_WARN_INT_CONVERSION = YES;
				CLANG_WARN_NON_LITERAL_NULL_CONVERSION = YES;
				CLANG_WARN_OBJC_IMPLICIT_RETAIN_SELF = YES;
				CLANG_WARN_OBJC_LITERAL_CONVERSION = YES;
				CLANG_WARN_OBJC_ROOT_CLASS = YES_ERROR;
				CLANG_WARN_QUOTED_INCLUDE_IN_FRAMEWORK_HEADER = YES;
				CLANG_WARN_RANGE_LOOP_ANALYSIS = YES;
				CLANG_WARN_STRICT_PROTOTYPES = YES;
				CLANG_WARN_SUSPICIOUS_MOVE = YES;
				CLANG_WARN_UNGUARDED_AVAILABILITY = YES_AGGRESSIVE;
				CLANG_WARN_UNREACHABLE_CODE = YES;
				CLANG_WARN__DUPLICATE_METHOD_MATCH = YES;
				COPY_PHASE_STRIP = NO;
				DEBUG_INFORMATION_FORMAT = dwarf;
				ENABLE_STRICT_OBJC_MSGSEND = YES;
				ENABLE_TESTABILITY = YES;
				GCC_C_LANGUAGE_STANDARD = gnu11;
				GCC_DYNAMIC_NO_PIC = NO;
				GCC_NO_COMMON_BLOCKS = YES;
				GCC_OPTIMIZATION_LEVEL = 0;
				GCC_PREPROCESSOR_DEFINITIONS = (
					"DEBUG=1",
					"$(inherited)",
				);
				GCC_WARN_64_TO_32_BIT_CONVERSION = YES;
				GCC_WARN_ABOUT_RETURN_TYPE = YES_ERROR;
				GCC_WARN_UNDECLARED_SELECTOR = YES;
				GCC_WARN_UNINITIALIZED_AUTOS = YES_AGGRESSIVE;
				GCC_WARN_UNUSED_FUNCTION = YES;
				GCC_WARN_UNUSED_VARIABLE = YES;
				IPHONEOS_DEPLOYMENT_TARGET = 16.2;
				MTL_ENABLE_DEBUG_INFO = INCLUDE_SOURCE;
				MTL_FAST_MATH = YES;
				ONLY_ACTIVE_ARCH = YES;
				SDKROOT = iphoneos;
				SWIFT_ACTIVE_COMPILATION_CONDITIONS = DEBUG;
				SWIFT_OPTIMIZATION_LEVEL = "-Onone";
			};
			name = Debug;
		};
		2D1983402B88779F009BC080 /* Release */ = {
			isa = XCBuildConfiguration;
			buildSettings = {
				ALWAYS_SEARCH_USER_PATHS = NO;
				CLANG_ANALYZER_NONNULL = YES;
				CLANG_ANALYZER_NUMBER_OBJECT_CONVERSION = YES_AGGRESSIVE;
				CLANG_CXX_LANGUAGE_STANDARD = "gnu++20";
				CLANG_ENABLE_MODULES = YES;
				CLANG_ENABLE_OBJC_ARC = YES;
				CLANG_ENABLE_OBJC_WEAK = YES;
				CLANG_WARN_BLOCK_CAPTURE_AUTORELEASING = YES;
				CLANG_WARN_BOOL_CONVERSION = YES;
				CLANG_WARN_COMMA = YES;
				CLANG_WARN_CONSTANT_CONVERSION = YES;
				CLANG_WARN_DEPRECATED_OBJC_IMPLEMENTATIONS = YES;
				CLANG_WARN_DIRECT_OBJC_ISA_USAGE = YES_ERROR;
				CLANG_WARN_DOCUMENTATION_COMMENTS = YES;
				CLANG_WARN_EMPTY_BODY = YES;
				CLANG_WARN_ENUM_CONVERSION = YES;
				CLANG_WARN_INFINITE_RECURSION = YES;
				CLANG_WARN_INT_CONVERSION = YES;
				CLANG_WARN_NON_LITERAL_NULL_CONVERSION = YES;
				CLANG_WARN_OBJC_IMPLICIT_RETAIN_SELF = YES;
				CLANG_WARN_OBJC_LITERAL_CONVERSION = YES;
				CLANG_WARN_OBJC_ROOT_CLASS = YES_ERROR;
				CLANG_WARN_QUOTED_INCLUDE_IN_FRAMEWORK_HEADER = YES;
				CLANG_WARN_RANGE_LOOP_ANALYSIS = YES;
				CLANG_WARN_STRICT_PROTOTYPES = YES;
				CLANG_WARN_SUSPICIOUS_MOVE = YES;
				CLANG_WARN_UNGUARDED_AVAILABILITY = YES_AGGRESSIVE;
				CLANG_WARN_UNREACHABLE_CODE = YES;
				CLANG_WARN__DUPLICATE_METHOD_MATCH = YES;
				COPY_PHASE_STRIP = NO;
				DEBUG_INFORMATION_FORMAT = "dwarf-with-dsym";
				ENABLE_NS_ASSERTIONS = NO;
				ENABLE_STRICT_OBJC_MSGSEND = YES;
				GCC_C_LANGUAGE_STANDARD = gnu11;
				GCC_NO_COMMON_BLOCKS = YES;
				GCC_WARN_64_TO_32_BIT_CONVERSION = YES;
				GCC_WARN_ABOUT_RETURN_TYPE = YES_ERROR;
				GCC_WARN_UNDECLARED_SELECTOR = YES;
				GCC_WARN_UNINITIALIZED_AUTOS = YES_AGGRESSIVE;
				GCC_WARN_UNUSED_FUNCTION = YES;
				GCC_WARN_UNUSED_VARIABLE = YES;
				IPHONEOS_DEPLOYMENT_TARGET = 16.2;
				MTL_ENABLE_DEBUG_INFO = NO;
				MTL_FAST_MATH = YES;
				SDKROOT = iphoneos;
				SWIFT_COMPILATION_MODE = wholemodule;
				SWIFT_OPTIMIZATION_LEVEL = "-O";
				VALIDATE_PRODUCT = YES;
			};
			name = Release;
		};
		2D1983422B88779F009BC080 /* Debug */ = {
			isa = XCBuildConfiguration;
			baseConfigurationReference = 253093EB406C4B4E7D0CC1B3 /* Pods-FocusApp.debug.xcconfig */;
			buildSettings = {
				ASSETCATALOG_COMPILER_APPICON_NAME = AppIcon;
				ASSETCATALOG_COMPILER_GLOBAL_ACCENT_COLOR_NAME = AccentColor;
				CODE_SIGN_STYLE = Automatic;
				CURRENT_PROJECT_VERSION = 1;
				DEVELOPMENT_TEAM = 6KBC8FTKD3;
				GENERATE_INFOPLIST_FILE = YES;
				INFOPLIST_FILE = FocusApp/Info.plist;
				INFOPLIST_KEY_UIApplicationSupportsIndirectInputEvents = YES;
				INFOPLIST_KEY_UILaunchStoryboardName = LaunchScreen;
				INFOPLIST_KEY_UISupportedInterfaceOrientations_iPad = "UIInterfaceOrientationPortrait UIInterfaceOrientationPortraitUpsideDown UIInterfaceOrientationLandscapeLeft UIInterfaceOrientationLandscapeRight";
				INFOPLIST_KEY_UISupportedInterfaceOrientations_iPhone = "UIInterfaceOrientationPortrait UIInterfaceOrientationLandscapeLeft UIInterfaceOrientationLandscapeRight";
				LD_RUNPATH_SEARCH_PATHS = (
					"$(inherited)",
					"@executable_path/Frameworks",
				);
				MARKETING_VERSION = 1.0;
				PRODUCT_BUNDLE_IDENTIFIER = UmitBakiDikbiyik.FocusApp;
				PRODUCT_NAME = "$(TARGET_NAME)";
				SWIFT_EMIT_LOC_STRINGS = YES;
				SWIFT_VERSION = 5.0;
				TARGETED_DEVICE_FAMILY = "1,2";
			};
			name = Debug;
		};
		2D1983432B88779F009BC080 /* Release */ = {
			isa = XCBuildConfiguration;
			baseConfigurationReference = C62711FE10D3F0CCF4703BF6 /* Pods-FocusApp.release.xcconfig */;
			buildSettings = {
				ASSETCATALOG_COMPILER_APPICON_NAME = AppIcon;
				ASSETCATALOG_COMPILER_GLOBAL_ACCENT_COLOR_NAME = AccentColor;
				CODE_SIGN_STYLE = Automatic;
				CURRENT_PROJECT_VERSION = 1;
				DEVELOPMENT_TEAM = 6KBC8FTKD3;
				GENERATE_INFOPLIST_FILE = YES;
				INFOPLIST_FILE = FocusApp/Info.plist;
				INFOPLIST_KEY_UIApplicationSupportsIndirectInputEvents = YES;
				INFOPLIST_KEY_UILaunchStoryboardName = LaunchScreen;
				INFOPLIST_KEY_UISupportedInterfaceOrientations_iPad = "UIInterfaceOrientationPortrait UIInterfaceOrientationPortraitUpsideDown UIInterfaceOrientationLandscapeLeft UIInterfaceOrientationLandscapeRight";
				INFOPLIST_KEY_UISupportedInterfaceOrientations_iPhone = "UIInterfaceOrientationPortrait UIInterfaceOrientationLandscapeLeft UIInterfaceOrientationLandscapeRight";
				LD_RUNPATH_SEARCH_PATHS = (
					"$(inherited)",
					"@executable_path/Frameworks",
				);
				MARKETING_VERSION = 1.0;
				PRODUCT_BUNDLE_IDENTIFIER = UmitBakiDikbiyik.FocusApp;
				PRODUCT_NAME = "$(TARGET_NAME)";
				SWIFT_EMIT_LOC_STRINGS = YES;
				SWIFT_VERSION = 5.0;
				TARGETED_DEVICE_FAMILY = "1,2";
			};
			name = Release;
		};
/* End XCBuildConfiguration section */

/* Begin XCConfigurationList section */
		2D1983252B88779D009BC080 /* Build configuration list for PBXProject "FocusApp" */ = {
			isa = XCConfigurationList;
			buildConfigurations = (
				2D19833F2B88779F009BC080 /* Debug */,
				2D1983402B88779F009BC080 /* Release */,
			);
			defaultConfigurationIsVisible = 0;
			defaultConfigurationName = Release;
		};
		2D1983412B88779F009BC080 /* Build configuration list for PBXNativeTarget "FocusApp" */ = {
			isa = XCConfigurationList;
			buildConfigurations = (
				2D1983422B88779F009BC080 /* Debug */,
				2D1983432B88779F009BC080 /* Release */,
			);
			defaultConfigurationIsVisible = 0;
			defaultConfigurationName = Release;
		};
/* End XCConfigurationList section */

/* Begin XCVersionGroup section */
		2D1983362B88779D009BC080 /* FocusApp.xcdatamodeld */ = {
			isa = XCVersionGroup;
			children = (
				2D1983372B88779D009BC080 /* FocusApp.xcdatamodel */,
			);
			currentVersion = 2D1983372B88779D009BC080 /* FocusApp.xcdatamodel */;
			path = FocusApp.xcdatamodeld;
			sourceTree = "<group>";
			versionGroupType = wrapper.xcdatamodel;
		};
/* End XCVersionGroup section */
	};
	rootObject = 2D1983222B88779D009BC080 /* Project object */;
}
